{
  "lockfile_version": "1",
  "packages": {
    "nodePackages.pnpm@latest": {
      "last_modified": "2024-05-22T06:18:38Z",
      "resolved": "github:NixOS/nixpkgs/3f316d2a50699a78afe5e77ca486ad553169061e#nodePackages.pnpm",
      "source": "devbox-search",
      "version": "8.15.5",
      "systems": {
        "aarch64-darwin": {
          "store_path": "/nix/store/98b2ljlansqmkpkd5pqfgwhcwr5kvsha-pnpm-8.15.5"
        },
        "aarch64-linux": {
          "store_path": "/nix/store/b0h4xyqwdk2zhyhw42bprjnj2i518sxn-pnpm-8.15.5"
        },
        "x86_64-darwin": {
          "store_path": "/nix/store/7xyc072k4g6430vijvylidqacjxy5dbb-pnpm-8.15.5"
        },
        "x86_64-linux": {
          "store_path": "/nix/store/77wblnm5dnmgnan3695j3mk4r7j75s5j-pnpm-8.15.5"
        }
      }
    },
    "nodejs@latest": {
      "last_modified": "2024-05-22T06:18:38Z",
      "plugin_version": "0.0.2",
      "resolved": "github:NixOS/nixpkgs/3f316d2a50699a78afe5e77ca486ad553169061e#nodejs_22",
      "source": "devbox-search",
      "version": "22.2.0",
      "systems": {
        "aarch64-darwin": {
          "store_path": "/nix/store/rz5da1id31jgyax1yb6dms0mzpxkywds-nodejs-22.2.0"
        },
        "aarch64-linux": {
          "store_path": "/nix/store/dkg3sm7j61sfkpvg0bpi0hbjcccbg2wy-nodejs-22.2.0"
        },
        "x86_64-darwin": {
          "store_path": "/nix/store/y8ns070yvn6ffbwzhmvk03lw7lh4ly02-nodejs-22.2.0"
        },
        "x86_64-linux": {
          "store_path": "/nix/store/72m3szv59j74b12dmicmayvvlikh65qc-nodejs-22.2.0"
        }
      }
    },
    "redis@latest": {
      "last_modified": "2024-05-22T06:18:38Z",
      "plugin_version": "0.0.2",
      "resolved": "github:NixOS/nixpkgs/3f316d2a50699a78afe5e77ca486ad553169061e#redis",
      "source": "devbox-search",
      "version": "7.2.4",
      "systems": {
        "aarch64-darwin": {
          "store_path": "/nix/store/f1hmasfrq0s1yag27kmdwv97cjxv85rm-redis-7.2.4"
        },
        "aarch64-linux": {
          "store_path": "/nix/store/5ay0vkvk8l2n8fgxnmxdci1y1ldafnx8-redis-7.2.4"
        },
        "x86_64-darwin": {
          "store_path": "/nix/store/5l40xjgzqsd56dx5zfwr2v6sfpk12lkl-redis-7.2.4"
        },
        "x86_64-linux": {
          "store_path": "/nix/store/xlvzg81dgimxfjxpxwr2w3q1ca3l5lwa-redis-7.2.4"
        }
      }
    }
  }
}
