{
  "lockfile_version": "1",
  "packages": {
    "nodePackages.pnpm@latest": {
      "last_modified": "2024-05-22T06:18:38Z",
      "resolved": "github:NixOS/nixpkgs/3f316d2a50699a78afe5e77ca486ad553169061e#nodePackages.pnpm",
      "source": "devbox-search",
      "version": "8.15.5",
      "systems": {
        "aarch64-darwin": {
          "store_path": "/nix/store/98b2ljlansqmkpkd5pqfgwhcwr5kvsha-pnpm-8.15.5"
        },
        "aarch64-linux": {
          "store_path": "/nix/store/b0h4xyqwdk2zhyhw42bprjnj2i518sxn-pnpm-8.15.5"
        },
        "x86_64-darwin": {
          "store_path": "/nix/store/7xyc072k4g6430vijvylidqacjxy5dbb-pnpm-8.15.5"
        },
        "x86_64-linux": {
          "store_path": "/nix/store/77wblnm5dnmgnan3695j3mk4r7j75s5j-pnpm-8.15.5"
        }
      }
    },
    "nodejs@20": {
      "last_modified": "2024-05-22T06:18:38Z",
      "plugin_version": "0.0.2",
      "resolved": "github:NixOS/nixpkgs/3f316d2a50699a78afe5e77ca486ad553169061e#nodejs_20",
      "source": "devbox-search",
      "version": "20.12.2",
      "systems": {
        "aarch64-darwin": {
          "outputs": [
            {
              "name": "out",
              "path": "/nix/store/bzzs4kvjyvjjhs3rj08vqpvvzmfggvbv-nodejs-20.12.2",
              "default": true
            },
            {
              "name": "libv8",
              "path": "/nix/store/c56874bxzncqwy58kif6wfnzy017v1sl-nodejs-20.12.2-libv8"
            }
          ],
          "store_path": "/nix/store/bzzs4kvjyvjjhs3rj08vqpvvzmfggvbv-nodejs-20.12.2"
        },
        "aarch64-linux": {
          "outputs": [
            {
              "name": "out",
              "path": "/nix/store/y50zafzgnnkrj4hvmk23icv2ggvys8r9-nodejs-20.12.2",
              "default": true
            },
            {
              "name": "libv8",
              "path": "/nix/store/vc7y8h3c8pwbh4zbvjcyfqrd3fhdjhw6-nodejs-20.12.2-libv8"
            }
          ],
          "store_path": "/nix/store/y50zafzgnnkrj4hvmk23icv2ggvys8r9-nodejs-20.12.2"
        },
        "x86_64-darwin": {
          "outputs": [
            {
              "name": "out",
              "path": "/nix/store/l53svh1nfrcb83qbqvrrkangrcl1rr25-nodejs-20.12.2",
              "default": true
            },
            {
              "name": "libv8",
              "path": "/nix/store/q71hh22bfqjygd34gq16dv4dwfc33378-nodejs-20.12.2-libv8"
            }
          ],
          "store_path": "/nix/store/l53svh1nfrcb83qbqvrrkangrcl1rr25-nodejs-20.12.2"
        },
        "x86_64-linux": {
          "outputs": [
            {
              "name": "out",
              "path": "/nix/store/6g9n96qf1yx139xklnmy3v4xhjvjgsji-nodejs-20.12.2",
              "default": true
            },
            {
              "name": "libv8",
              "path": "/nix/store/s7b0dqga0311mvq48mirnlm0p3dr4gm3-nodejs-20.12.2-libv8"
            }
          ],
          "store_path": "/nix/store/6g9n96qf1yx139xklnmy3v4xhjvjgsji-nodejs-20.12.2"
        }
      }
    },
    "redis@latest": {
      "last_modified": "2024-05-22T06:18:38Z",
      "plugin_version": "0.0.2",
      "resolved": "github:NixOS/nixpkgs/3f316d2a50699a78afe5e77ca486ad553169061e#redis",
      "source": "devbox-search",
      "version": "7.2.4",
      "systems": {
        "aarch64-darwin": {
          "store_path": "/nix/store/f1hmasfrq0s1yag27kmdwv97cjxv85rm-redis-7.2.4"
        },
        "aarch64-linux": {
          "store_path": "/nix/store/5ay0vkvk8l2n8fgxnmxdci1y1ldafnx8-redis-7.2.4"
        },
        "x86_64-darwin": {
          "store_path": "/nix/store/5l40xjgzqsd56dx5zfwr2v6sfpk12lkl-redis-7.2.4"
        },
        "x86_64-linux": {
          "store_path": "/nix/store/xlvzg81dgimxfjxpxwr2w3q1ca3l5lwa-redis-7.2.4"
        }
      }
    }
  }
}
